
Microsoft Visual Studio Solution File, Format Version 12.00
# Visual Studio Version 16
VisualStudioVersion = 16.0.30611.23
MinimumVisualStudioVersion = 10.0.40219.1
Project("{FAE04EC0-301F-11D3-BF4B-00C04F79EFBC}") = "Vidly", "Vidly\Vidly.csproj", "{78B9CBD6-63EF-44DA-8F77-A3A5559472DD}"
EndProject
Global
	GlobalSection(SolutionConfigurationPlatforms) = preSolution
		Debug|Any CPU = Debug|Any CPU
		Release|Any CPU = Release|Any CPU
	EndGlobalSection
	GlobalSection(ProjectConfigurationPlatforms) = postSolution
		{78B9CBD6-63EF-44DA-8F77-A3A5559472DD}.Debug|Any CPU.ActiveCfg = Debug|Any CPU
		{78B9CBD6-63EF-44DA-8F77-A3A5559472DD}.Debug|Any CPU.Build.0 = Debug|Any CPU
		{78B9CBD6-63EF-44DA-8F77-A3A5559472DD}.Release|Any CPU.ActiveCfg = Release|Any CPU
		{78B9CBD6-63EF-44DA-8F77-A3A5559472DD}.Release|Any CPU.Build.0 = Release|Any CPU
	EndGlobalSection
	GlobalSection(SolutionProperties) = preSolution
		HideSolutionNode = FALSE
	EndGlobalSection
	GlobalSection(ExtensibilityGlobals) = postSolution
		SolutionGuid = {A82DAA6B-59D0-4835-A94F-2E14CB41C0AE}
	EndGlobalSection
EndGlobal
